
Microsoft Visual Studio Solution File, Format Version 12.00
# Visual Studio Version 16
VisualStudioVersion = 16.0.28803.352
MinimumVisualStudioVersion = 10.0.40219.1
Project("{FAE04EC0-301F-11D3-BF4B-00C04F79EFBC}") = "P.-MenuComida-Jameson Romeo Clark Olivares-", "P.-MenuComida-Jameson Romeo Clark Olivares-\P.-MenuComida-Jameson Romeo Clark Olivares-.csproj", "{27FE799E-49CC-4973-9F86-7AF93D7F1271}"
EndProject
Global
	GlobalSection(SolutionConfigurationPlatforms) = preSolution
		Debug|Any CPU = Debug|Any CPU
		Release|Any CPU = Release|Any CPU
	EndGlobalSection
	GlobalSection(ProjectConfigurationPlatforms) = postSolution
		{27FE799E-49CC-4973-9F86-7AF93D7F1271}.Debug|Any CPU.ActiveCfg = Debug|Any CPU
		{27FE799E-49CC-4973-9F86-7AF93D7F1271}.Debug|Any CPU.Build.0 = Debug|Any CPU
		{27FE799E-49CC-4973-9F86-7AF93D7F1271}.Release|Any CPU.ActiveCfg = Release|Any CPU
		{27FE799E-49CC-4973-9F86-7AF93D7F1271}.Release|Any CPU.Build.0 = Release|Any CPU
	EndGlobalSection
	GlobalSection(SolutionProperties) = preSolution
		HideSolutionNode = FALSE
	EndGlobalSection
	GlobalSection(ExtensibilityGlobals) = postSolution
		SolutionGuid = {450117A7-8107-44F9-91B3-3A6DBA6EAE37}
	EndGlobalSection
EndGlobal
